lockfileVersion: '6.0'

devDependencies:
  '@types/bcrypt':
    specifier: ^5.0.0
    version: 5.0.0
  '@types/jsonwebtoken':
    specifier: ^9.0.1
    version: 9.0.1

packages:

  /@types/bcrypt@5.0.0:
    resolution: {integrity: sha512-agtcFKaruL8TmcvqbndlqHPSJgsolhf/qPWchFlgnW1gECTN/nKbFcoFnvKAQRFfKbh+BO6A3SWdJu9t+xF3Lw==}
    dependencies:
      '@types/node': 18.15.11
    dev: true

  /@types/jsonwebtoken@9.0.1:
    resolution: {integrity: sha512-c5ltxazpWabia/4UzhIoaDcIza4KViOQhdbjRlfcIGVnsE3c3brkz9Z+F/EeJIECOQP7W7US2hNE930cWWkPiw==}
    dependencies:
      '@types/node': 18.15.11
    dev: true

  /@types/node@18.15.11:
    resolution: {integrity: sha512-E5Kwq2n4SbMzQOn6wnmBjuK9ouqlURrcZDVfbo9ftDDTFt3nk7ZKK4GMOzoYgnpQJKcxwQw+lGaBvvlMo0qN/Q==}
    dev: true
